
Microsoft Visual Studio Solution File, Format Version 12.00
# Visual Studio 2012
Project("{FAE04EC0-301F-11D3-BF4B-00C04F79EFBC}") = "Business Entities", "Business Entities\Business Entities.csproj", "{BBE69C46-62E8-4EDD-8579-B8EAAED0FD9C}"
EndProject
Project("{FAE04EC0-301F-11D3-BF4B-00C04F79EFBC}") = "Screen Saver UI", "Screen Saver UI\Screen Saver UI.csproj", "{9B5B9FDE-9725-458C-9019-09998B2282D3}"
EndProject
Global
	GlobalSection(SolutionConfigurationPlatforms) = preSolution
		Debug|Any CPU = Debug|Any CPU
		Release|Any CPU = Release|Any CPU
	EndGlobalSection
	GlobalSection(ProjectConfigurationPlatforms) = postSolution
		{BBE69C46-62E8-4EDD-8579-B8EAAED0FD9C}.Debug|Any CPU.ActiveCfg = Debug|Any CPU
		{BBE69C46-62E8-4EDD-8579-B8EAAED0FD9C}.Debug|Any CPU.Build.0 = Debug|Any CPU
		{BBE69C46-62E8-4EDD-8579-B8EAAED0FD9C}.Release|Any CPU.ActiveCfg = Release|Any CPU
		{BBE69C46-62E8-4EDD-8579-B8EAAED0FD9C}.Release|Any CPU.Build.0 = Release|Any CPU
		{9B5B9FDE-9725-458C-9019-09998B2282D3}.Debug|Any CPU.ActiveCfg = Debug|Any CPU
		{9B5B9FDE-9725-458C-9019-09998B2282D3}.Debug|Any CPU.Build.0 = Debug|Any CPU
		{9B5B9FDE-9725-458C-9019-09998B2282D3}.Release|Any CPU.ActiveCfg = Release|Any CPU
		{9B5B9FDE-9725-458C-9019-09998B2282D3}.Release|Any CPU.Build.0 = Release|Any CPU
	EndGlobalSection
	GlobalSection(SolutionProperties) = preSolution
		HideSolutionNode = FALSE
	EndGlobalSection
EndGlobal
